
Microsoft Visual Studio Solution File, Format Version 12.00
# Visual Studio Version 16
VisualStudioVersion = 16.0.30804.86
MinimumVisualStudioVersion = 10.0.40219.1
Project("{FAE04EC0-301F-11D3-BF4B-00C04F79EFBC}") = "CarRentalUI", "CarRentalUI\CarRentalUI.csproj", "{82C359F3-ED8B-407D-8876-E8083F919B5D}"
EndProject
Project("{FAE04EC0-301F-11D3-BF4B-00C04F79EFBC}") = "CarRentalClassLibrary", "CarRentalClassLibrary\CarRentalClassLibrary.csproj", "{A51ACD26-736F-45A4-BD12-4499AA0B4FA3}"
EndProject
Project("{FAE04EC0-301F-11D3-BF4B-00C04F79EFBC}") = "ComponentsLibrary", "ComponentsLibrary\ComponentsLibrary.csproj", "{CADB062A-06D1-4B83-BE72-C3C463D75923}"
EndProject
Project("{2150E333-8FDC-42A3-9474-1A3956D46DE8}") = "Solution Items", "Solution Items", "{F76FEFDA-5AA7-4BEB-8028-FD1EF46CE562}"
	ProjectSection(SolutionItems) = preProject
		TODO.txt = TODO.txt
	EndProjectSection
EndProject
Global
	GlobalSection(SolutionConfigurationPlatforms) = preSolution
		Debug|Any CPU = Debug|Any CPU
		Release|Any CPU = Release|Any CPU
	EndGlobalSection
	GlobalSection(ProjectConfigurationPlatforms) = postSolution
		{82C359F3-ED8B-407D-8876-E8083F919B5D}.Debug|Any CPU.ActiveCfg = Debug|Any CPU
		{82C359F3-ED8B-407D-8876-E8083F919B5D}.Debug|Any CPU.Build.0 = Debug|Any CPU
		{82C359F3-ED8B-407D-8876-E8083F919B5D}.Release|Any CPU.ActiveCfg = Release|Any CPU
		{82C359F3-ED8B-407D-8876-E8083F919B5D}.Release|Any CPU.Build.0 = Release|Any CPU
		{A51ACD26-736F-45A4-BD12-4499AA0B4FA3}.Debug|Any CPU.ActiveCfg = Debug|Any CPU
		{A51ACD26-736F-45A4-BD12-4499AA0B4FA3}.Debug|Any CPU.Build.0 = Debug|Any CPU
		{A51ACD26-736F-45A4-BD12-4499AA0B4FA3}.Release|Any CPU.ActiveCfg = Release|Any CPU
		{A51ACD26-736F-45A4-BD12-4499AA0B4FA3}.Release|Any CPU.Build.0 = Release|Any CPU
		{CADB062A-06D1-4B83-BE72-C3C463D75923}.Debug|Any CPU.ActiveCfg = Debug|Any CPU
		{CADB062A-06D1-4B83-BE72-C3C463D75923}.Debug|Any CPU.Build.0 = Debug|Any CPU
		{CADB062A-06D1-4B83-BE72-C3C463D75923}.Release|Any CPU.ActiveCfg = Release|Any CPU
		{CADB062A-06D1-4B83-BE72-C3C463D75923}.Release|Any CPU.Build.0 = Release|Any CPU
	EndGlobalSection
	GlobalSection(SolutionProperties) = preSolution
		HideSolutionNode = FALSE
	EndGlobalSection
	GlobalSection(ExtensibilityGlobals) = postSolution
		SolutionGuid = {8320652A-A27E-4E1F-B200-B52021BC324E}
	EndGlobalSection
EndGlobal
